
Microsoft Visual Studio Solution File, Format Version 12.00
# Visual Studio Version 17
VisualStudioVersion = 17.11.35327.3
MinimumVisualStudioVersion = 10.0.40219.1
Project("{FAE04EC0-301F-11D3-BF4B-00C04F79EFBC}") = "Esercizio2", "Esercizio2\Esercizio2.csproj", "{368D9347-0E64-49BB-BF34-F166D448902A}"
EndProject
Global
	GlobalSection(SolutionConfigurationPlatforms) = preSolution
		Debug|Any CPU = Debug|Any CPU
		Release|Any CPU = Release|Any CPU
	EndGlobalSection
	GlobalSection(ProjectConfigurationPlatforms) = postSolution
		{368D9347-0E64-49BB-BF34-F166D448902A}.Debug|Any CPU.ActiveCfg = Debug|Any CPU
		{368D9347-0E64-49BB-BF34-F166D448902A}.Debug|Any CPU.Build.0 = Debug|Any CPU
		{368D9347-0E64-49BB-BF34-F166D448902A}.Release|Any CPU.ActiveCfg = Release|Any CPU
		{368D9347-0E64-49BB-BF34-F166D448902A}.Release|Any CPU.Build.0 = Release|Any CPU
	EndGlobalSection
	GlobalSection(SolutionProperties) = preSolution
		HideSolutionNode = FALSE
	EndGlobalSection
	GlobalSection(ExtensibilityGlobals) = postSolution
		SolutionGuid = {514B4999-1E59-4C53-A08C-E3F47E34964E}
	EndGlobalSection
EndGlobal
